
Microsoft Visual Studio Solution File, Format Version 12.00
# Visual Studio Version 17
VisualStudioVersion = 17.3.32901.215
MinimumVisualStudioVersion = 10.0.40219.1
Project("{2150E333-8FDC-42A3-9474-1A3956D46DE8}") = "Apps", "Apps", "{6EC32C7F-C0C1-45E1-A639-9CC93D3A2EB6}"
EndProject
Project("{2150E333-8FDC-42A3-9474-1A3956D46DE8}") = "src", "src", "{7410D24E-0B02-4ECA-BCF3-CD01D1603DAA}"
EndProject
Project("{FAE04EC0-301F-11D3-BF4B-00C04F79EFBC}") = "MyMauiApp", "src\Apps\MyMauiApp\MyMauiApp.csproj", "{04952081-A870-4392-91C8-10904916067F}"
EndProject
Project("{FAE04EC0-301F-11D3-BF4B-00C04F79EFBC}") = "Phoneword", "src\Apps\Phoneword\Phoneword.csproj", "{F6D1A9C6-DDB0-4366-8D18-C4D6B04D0079}"
EndProject
Global
	GlobalSection(SolutionConfigurationPlatforms) = preSolution
		Debug|Any CPU = Debug|Any CPU
		Release|Any CPU = Release|Any CPU
	EndGlobalSection
	GlobalSection(ProjectConfigurationPlatforms) = postSolution
		{04952081-A870-4392-91C8-10904916067F}.Debug|Any CPU.ActiveCfg = Debug|Any CPU
		{04952081-A870-4392-91C8-10904916067F}.Debug|Any CPU.Build.0 = Debug|Any CPU
		{04952081-A870-4392-91C8-10904916067F}.Debug|Any CPU.Deploy.0 = Debug|Any CPU
		{04952081-A870-4392-91C8-10904916067F}.Release|Any CPU.ActiveCfg = Release|Any CPU
		{04952081-A870-4392-91C8-10904916067F}.Release|Any CPU.Build.0 = Release|Any CPU
		{04952081-A870-4392-91C8-10904916067F}.Release|Any CPU.Deploy.0 = Release|Any CPU
		{F6D1A9C6-DDB0-4366-8D18-C4D6B04D0079}.Debug|Any CPU.ActiveCfg = Debug|Any CPU
		{F6D1A9C6-DDB0-4366-8D18-C4D6B04D0079}.Debug|Any CPU.Build.0 = Debug|Any CPU
		{F6D1A9C6-DDB0-4366-8D18-C4D6B04D0079}.Debug|Any CPU.Deploy.0 = Debug|Any CPU
		{F6D1A9C6-DDB0-4366-8D18-C4D6B04D0079}.Release|Any CPU.ActiveCfg = Release|Any CPU
		{F6D1A9C6-DDB0-4366-8D18-C4D6B04D0079}.Release|Any CPU.Build.0 = Release|Any CPU
		{F6D1A9C6-DDB0-4366-8D18-C4D6B04D0079}.Release|Any CPU.Deploy.0 = Release|Any CPU
	EndGlobalSection
	GlobalSection(SolutionProperties) = preSolution
		HideSolutionNode = FALSE
	EndGlobalSection
	GlobalSection(NestedProjects) = preSolution
		{6EC32C7F-C0C1-45E1-A639-9CC93D3A2EB6} = {7410D24E-0B02-4ECA-BCF3-CD01D1603DAA}
		{04952081-A870-4392-91C8-10904916067F} = {6EC32C7F-C0C1-45E1-A639-9CC93D3A2EB6}
		{F6D1A9C6-DDB0-4366-8D18-C4D6B04D0079} = {6EC32C7F-C0C1-45E1-A639-9CC93D3A2EB6}
	EndGlobalSection
	GlobalSection(ExtensibilityGlobals) = postSolution
		SolutionGuid = {B3007503-C625-4E2C-A957-551939F1B85A}
	EndGlobalSection
EndGlobal
